// !$*UTF8*$!
{
	archiveVersion = 1;
	classes = {
	};
	objectVersion = 56;
	objects = {

/* Begin PBXBuildFile section */
		B558BB5C2A1E0EFA007451EB /* AppDelegate.swift in Sources */ = {isa = PBXBuildFile; fileRef = B558BB5B2A1E0EFA007451EB /* AppDelegate.swift */; };
		B558BB5E2A1E0EFA007451EB /* SceneDelegate.swift in Sources */ = {isa = PBXBuildFile; fileRef = B558BB5D2A1E0EFA007451EB /* SceneDelegate.swift */; };
		B558BB602A1E0EFA007451EB /* ListCamerasViewController.swift in Sources */ = {isa = PBXBuildFile; fileRef = B558BB5F2A1E0EFA007451EB /* ListCamerasViewController.swift */; };
		B558BB652A1E0EFB007451EB /* Assets.xcassets in Resources */ = {isa = PBXBuildFile; fileRef = B558BB642A1E0EFB007451EB /* Assets.xcassets */; };
		B558BB682A1E0EFB007451EB /* LaunchScreen.storyboard in Resources */ = {isa = PBXBuildFile; fileRef = B558BB662A1E0EFB007451EB /* LaunchScreen.storyboard */; };
		B558BB702A1E0F63007451EB /* NetworkService.swift in Sources */ = {isa = PBXBuildFile; fileRef = B558BB6F2A1E0F63007451EB /* NetworkService.swift */; };
		B558BB732A1E0F92007451EB /* ApiUrl.swift in Sources */ = {isa = PBXBuildFile; fileRef = B558BB722A1E0F92007451EB /* ApiUrl.swift */; };
		B558BB752A1E0FA1007451EB /* ApiError.swift in Sources */ = {isa = PBXBuildFile; fileRef = B558BB742A1E0FA1007451EB /* ApiError.swift */; };
		B558BB772A1E0FB8007451EB /* Event.swift in Sources */ = {isa = PBXBuildFile; fileRef = B558BB762A1E0FB8007451EB /* Event.swift */; };
		B558BB792A1E0FD6007451EB /* Model.swift in Sources */ = {isa = PBXBuildFile; fileRef = B558BB782A1E0FD6007451EB /* Model.swift */; };
		B5FDD5CC2A1E46FD00E7FBE6 /* SDWebImage in Frameworks */ = {isa = PBXBuildFile; productRef = B5FDD5CB2A1E46FD00E7FBE6 /* SDWebImage */; };
		B5FDD5D02A1F1E7600E7FBE6 /* ViewModel.swift in Sources */ = {isa = PBXBuildFile; fileRef = B5FDD5CF2A1F1E7600E7FBE6 /* ViewModel.swift */; };
		B5FDD5D52A21436800E7FBE6 /* UIView + ext.swift in Sources */ = {isa = PBXBuildFile; fileRef = B5FDD5D42A21436800E7FBE6 /* UIView + ext.swift */; };
		B5FDD5D82A21444F00E7FBE6 /* FooterView.swift in Sources */ = {isa = PBXBuildFile; fileRef = B5FDD5D72A21444F00E7FBE6 /* FooterView.swift */; };
		B5FDD5DB2A2144FA00E7FBE6 /* CameraCell.swift in Sources */ = {isa = PBXBuildFile; fileRef = B5FDD5DA2A2144FA00E7FBE6 /* CameraCell.swift */; };
		B5FDD5DD2A214D1A00E7FBE6 /* ParentViewController.swift in Sources */ = {isa = PBXBuildFile; fileRef = B5FDD5DC2A214D1A00E7FBE6 /* ParentViewController.swift */; };
/* End PBXBuildFile section */

/* Begin PBXFileReference section */
		B558BB582A1E0EFA007451EB /* macroscopVideo.app */ = {isa = PBXFileReference; explicitFileType = wrapper.application; includeInIndex = 0; path = macroscopVideo.app; sourceTree = BUILT_PRODUCTS_DIR; };
		B558BB5B2A1E0EFA007451EB /* AppDelegate.swift */ = {isa = PBXFileReference; lastKnownFileType = sourcecode.swift; path = AppDelegate.swift; sourceTree = "<group>"; };
		B558BB5D2A1E0EFA007451EB /* SceneDelegate.swift */ = {isa = PBXFileReference; lastKnownFileType = sourcecode.swift; path = SceneDelegate.swift; sourceTree = "<group>"; };
		B558BB5F2A1E0EFA007451EB /* ListCamerasViewController.swift */ = {isa = PBXFileReference; lastKnownFileType = sourcecode.swift; path = ListCamerasViewController.swift; sourceTree = "<group>"; };
		B558BB642A1E0EFB007451EB /* Assets.xcassets */ = {isa = PBXFileReference; lastKnownFileType = folder.assetcatalog; path = Assets.xcassets; sourceTree = "<group>"; };
		B558BB672A1E0EFB007451EB /* Base */ = {isa = PBXFileReference; lastKnownFileType = file.storyboard; name = Base; path = Base.lproj/LaunchScreen.storyboard; sourceTree = "<group>"; };
		B558BB692A1E0EFB007451EB /* Info.plist */ = {isa = PBXFileReference; lastKnownFileType = text.plist.xml; path = Info.plist; sourceTree = "<group>"; };
		B558BB6F2A1E0F63007451EB /* NetworkService.swift */ = {isa = PBXFileReference; lastKnownFileType = sourcecode.swift; path = NetworkService.swift; sourceTree = "<group>"; };
		B558BB722A1E0F92007451EB /* ApiUrl.swift */ = {isa = PBXFileReference; lastKnownFileType = sourcecode.swift; path = ApiUrl.swift; sourceTree = "<group>"; };
		B558BB742A1E0FA1007451EB /* ApiError.swift */ = {isa = PBXFileReference; lastKnownFileType = sourcecode.swift; path = ApiError.swift; sourceTree = "<group>"; };
		B558BB762A1E0FB8007451EB /* Event.swift */ = {isa = PBXFileReference; lastKnownFileType = sourcecode.swift; path = Event.swift; sourceTree = "<group>"; };
		B558BB782A1E0FD6007451EB /* Model.swift */ = {isa = PBXFileReference; lastKnownFileType = sourcecode.swift; path = Model.swift; sourceTree = "<group>"; };
		B5FDD5CF2A1F1E7600E7FBE6 /* ViewModel.swift */ = {isa = PBXFileReference; lastKnownFileType = sourcecode.swift; path = ViewModel.swift; sourceTree = "<group>"; };
		B5FDD5D42A21436800E7FBE6 /* UIView + ext.swift */ = {isa = PBXFileReference; lastKnownFileType = sourcecode.swift; path = "UIView + ext.swift"; sourceTree = "<group>"; };
		B5FDD5D72A21444F00E7FBE6 /* FooterView.swift */ = {isa = PBXFileReference; lastKnownFileType = sourcecode.swift; path = FooterView.swift; sourceTree = "<group>"; };
		B5FDD5DA2A2144FA00E7FBE6 /* CameraCell.swift */ = {isa = PBXFileReference; lastKnownFileType = sourcecode.swift; path = CameraCell.swift; sourceTree = "<group>"; };
		B5FDD5DC2A214D1A00E7FBE6 /* ParentViewController.swift */ = {isa = PBXFileReference; lastKnownFileType = sourcecode.swift; path = ParentViewController.swift; sourceTree = "<group>"; };
/* End PBXFileReference section */

/* Begin PBXFrameworksBuildPhase section */
		B558BB552A1E0EFA007451EB /* Frameworks */ = {
			isa = PBXFrameworksBuildPhase;
			buildActionMask = 2147483647;
			files = (
				B5FDD5CC2A1E46FD00E7FBE6 /* SDWebImage in Frameworks */,
			);
			runOnlyForDeploymentPostprocessing = 0;
		};
/* End PBXFrameworksBuildPhase section */

/* Begin PBXGroup section */
		B558BB4F2A1E0EFA007451EB = {
			isa = PBXGroup;
			children = (
				B558BB5A2A1E0EFA007451EB /* macroscopVideo */,
				B558BB592A1E0EFA007451EB /* Products */,
			);
			sourceTree = "<group>";
		};
		B558BB592A1E0EFA007451EB /* Products */ = {
			isa = PBXGroup;
			children = (
				B558BB582A1E0EFA007451EB /* macroscopVideo.app */,
			);
			name = Products;
			sourceTree = "<group>";
		};
		B558BB5A2A1E0EFA007451EB /* macroscopVideo */ = {
			isa = PBXGroup;
			children = (
				B5FDD5D12A1F1F5000E7FBE6 /* App */,
				B5FDD5DE2A2201C500E7FBE6 /* ListCamerasScreen */,
				B5FDD5DF2A2201DA00E7FBE6 /* Model */,
				B5FDD5D62A21444600E7FBE6 /* Component */,
				B5FDD5D32A21435C00E7FBE6 /* Extension */,
				B558BB712A1E0F86007451EB /* Service */,
				B5FDD5D22A1F1F9E00E7FBE6 /* Resource */,
			);
			path = macroscopVideo;
			sourceTree = "<group>";
		};
		B558BB712A1E0F86007451EB /* Service */ = {
			isa = PBXGroup;
			children = (
				B558BB6F2A1E0F63007451EB /* NetworkService.swift */,
				B558BB722A1E0F92007451EB /* ApiUrl.swift */,
				B558BB742A1E0FA1007451EB /* ApiError.swift */,
				B558BB762A1E0FB8007451EB /* Event.swift */,
			);
			path = Service;
			sourceTree = "<group>";
		};
		B5FDD5D12A1F1F5000E7FBE6 /* App */ = {
			isa = PBXGroup;
			children = (
				B558BB5B2A1E0EFA007451EB /* AppDelegate.swift */,
				B558BB5D2A1E0EFA007451EB /* SceneDelegate.swift */,
			);
			path = App;
			sourceTree = "<group>";
		};
		B5FDD5D22A1F1F9E00E7FBE6 /* Resource */ = {
			isa = PBXGroup;
			children = (
				B558BB642A1E0EFB007451EB /* Assets.xcassets */,
				B558BB662A1E0EFB007451EB /* LaunchScreen.storyboard */,
				B558BB692A1E0EFB007451EB /* Info.plist */,
			);
			path = Resource;
			sourceTree = "<group>";
		};
		B5FDD5D32A21435C00E7FBE6 /* Extension */ = {
			isa = PBXGroup;
			children = (
				B5FDD5D42A21436800E7FBE6 /* UIView + ext.swift */,
			);
			path = Extension;
			sourceTree = "<group>";
		};
		B5FDD5D62A21444600E7FBE6 /* Component */ = {
			isa = PBXGroup;
			children = (
				B5FDD5D92A2144E800E7FBE6 /* Cell */,
				B5FDD5D72A21444F00E7FBE6 /* FooterView.swift */,
				B5FDD5DC2A214D1A00E7FBE6 /* ParentViewController.swift */,
			);
			path = Component;
			sourceTree = "<group>";
		};
		B5FDD5D92A2144E800E7FBE6 /* Cell */ = {
			isa = PBXGroup;
			children = (
				B5FDD5DA2A2144FA00E7FBE6 /* CameraCell.swift */,
			);
			path = Cell;
			sourceTree = "<group>";
		};
		B5FDD5DE2A2201C500E7FBE6 /* ListCamerasScreen */ = {
			isa = PBXGroup;
			children = (
				B558BB5F2A1E0EFA007451EB /* ListCamerasViewController.swift */,
				B5FDD5CF2A1F1E7600E7FBE6 /* ViewModel.swift */,
			);
			path = ListCamerasScreen;
			sourceTree = "<group>";
		};
		B5FDD5DF2A2201DA00E7FBE6 /* Model */ = {
			isa = PBXGroup;
			children = (
				B558BB782A1E0FD6007451EB /* Model.swift */,
			);
			path = Model;
			sourceTree = "<group>";
		};
/* End PBXGroup section */

/* Begin PBXNativeTarget section */
		B558BB572A1E0EFA007451EB /* macroscopVideo */ = {
			isa = PBXNativeTarget;
			buildConfigurationList = B558BB6C2A1E0EFB007451EB /* Build configuration list for PBXNativeTarget "macroscopVideo" */;
			buildPhases = (
				B558BB542A1E0EFA007451EB /* Sources */,
				B558BB552A1E0EFA007451EB /* Frameworks */,
				B558BB562A1E0EFA007451EB /* Resources */,
			);
			buildRules = (
			);
			dependencies = (
			);
			name = macroscopVideo;
			packageProductDependencies = (
				B5FDD5CB2A1E46FD00E7FBE6 /* SDWebImage */,
			);
			productName = macroscopVideo;
			productReference = B558BB582A1E0EFA007451EB /* macroscopVideo.app */;
			productType = "com.apple.product-type.application";
		};
/* End PBXNativeTarget section */

/* Begin PBXProject section */
		B558BB502A1E0EFA007451EB /* Project object */ = {
			isa = PBXProject;
			attributes = {
				BuildIndependentTargetsInParallel = 1;
				LastSwiftUpdateCheck = 1430;
				LastUpgradeCheck = 1430;
				TargetAttributes = {
					B558BB572A1E0EFA007451EB = {
						CreatedOnToolsVersion = 14.3;
					};
				};
			};
			buildConfigurationList = B558BB532A1E0EFA007451EB /* Build configuration list for PBXProject "macroscopVideo" */;
			compatibilityVersion = "Xcode 14.0";
			developmentRegion = en;
			hasScannedForEncodings = 0;
			knownRegions = (
				en,
				Base,
			);
			mainGroup = B558BB4F2A1E0EFA007451EB;
			packageReferences = (
				B5FDD5CA2A1E46FD00E7FBE6 /* XCRemoteSwiftPackageReference "SDWebImage" */,
			);
			productRefGroup = B558BB592A1E0EFA007451EB /* Products */;
			projectDirPath = "";
			projectRoot = "";
			targets = (
				B558BB572A1E0EFA007451EB /* macroscopVideo */,
			);
		};
/* End PBXProject section */

/* Begin PBXResourcesBuildPhase section */
		B558BB562A1E0EFA007451EB /* Resources */ = {
			isa = PBXResourcesBuildPhase;
			buildActionMask = 2147483647;
			files = (
				B558BB682A1E0EFB007451EB /* LaunchScreen.storyboard in Resources */,
				B558BB652A1E0EFB007451EB /* Assets.xcassets in Resources */,
			);
			runOnlyForDeploymentPostprocessing = 0;
		};
/* End PBXResourcesBuildPhase section */

/* Begin PBXSourcesBuildPhase section */
		B558BB542A1E0EFA007451EB /* Sources */ = {
			isa = PBXSourcesBuildPhase;
			buildActionMask = 2147483647;
			files = (
				B5FDD5DB2A2144FA00E7FBE6 /* CameraCell.swift in Sources */,
				B558BB602A1E0EFA007451EB /* ListCamerasViewController.swift in Sources */,
				B5FDD5D02A1F1E7600E7FBE6 /* ViewModel.swift in Sources */,
				B558BB732A1E0F92007451EB /* ApiUrl.swift in Sources */,
				B558BB5C2A1E0EFA007451EB /* AppDelegate.swift in Sources */,
				B5FDD5D52A21436800E7FBE6 /* UIView + ext.swift in Sources */,
				B558BB702A1E0F63007451EB /* NetworkService.swift in Sources */,
				B5FDD5D82A21444F00E7FBE6 /* FooterView.swift in Sources */,
				B5FDD5DD2A214D1A00E7FBE6 /* ParentViewController.swift in Sources */,
				B558BB5E2A1E0EFA007451EB /* SceneDelegate.swift in Sources */,
				B558BB772A1E0FB8007451EB /* Event.swift in Sources */,
				B558BB752A1E0FA1007451EB /* ApiError.swift in Sources */,
				B558BB792A1E0FD6007451EB /* Model.swift in Sources */,
			);
			runOnlyForDeploymentPostprocessing = 0;
		};
/* End PBXSourcesBuildPhase section */

/* Begin PBXVariantGroup section */
		B558BB662A1E0EFB007451EB /* LaunchScreen.storyboard */ = {
			isa = PBXVariantGroup;
			children = (
				B558BB672A1E0EFB007451EB /* Base */,
			);
			name = LaunchScreen.storyboard;
			sourceTree = "<group>";
		};
/* End PBXVariantGroup section */

/* Begin XCBuildConfiguration section */
		B558BB6A2A1E0EFB007451EB /* Debug */ = {
			isa = XCBuildConfiguration;
			buildSettings = {
				ALWAYS_SEARCH_USER_PATHS = NO;
				CLANG_ANALYZER_NONNULL = YES;
				CLANG_ANALYZER_NUMBER_OBJECT_CONVERSION = YES_AGGRESSIVE;
				CLANG_CXX_LANGUAGE_STANDARD = "gnu++20";
				CLANG_ENABLE_MODULES = YES;
				CLANG_ENABLE_OBJC_ARC = YES;
				CLANG_ENABLE_OBJC_WEAK = YES;
				CLANG_WARN_BLOCK_CAPTURE_AUTORELEASING = YES;
				CLANG_WARN_BOOL_CONVERSION = YES;
				CLANG_WARN_COMMA = YES;
				CLANG_WARN_CONSTANT_CONVERSION = YES;
				CLANG_WARN_DEPRECATED_OBJC_IMPLEMENTATIONS = YES;
				CLANG_WARN_DIRECT_OBJC_ISA_USAGE = YES_ERROR;
				CLANG_WARN_DOCUMENTATION_COMMENTS = YES;
				CLANG_WARN_EMPTY_BODY = YES;
				CLANG_WARN_ENUM_CONVERSION = YES;
				CLANG_WARN_INFINITE_RECURSION = YES;
				CLANG_WARN_INT_CONVERSION = YES;
				CLANG_WARN_NON_LITERAL_NULL_CONVERSION = YES;
				CLANG_WARN_OBJC_IMPLICIT_RETAIN_SELF = YES;
				CLANG_WARN_OBJC_LITERAL_CONVERSION = YES;
				CLANG_WARN_OBJC_ROOT_CLASS = YES_ERROR;
				CLANG_WARN_QUOTED_INCLUDE_IN_FRAMEWORK_HEADER = YES;
				CLANG_WARN_RANGE_LOOP_ANALYSIS = YES;
				CLANG_WARN_STRICT_PROTOTYPES = YES;
				CLANG_WARN_SUSPICIOUS_MOVE = YES;
				CLANG_WARN_UNGUARDED_AVAILABILITY = YES_AGGRESSIVE;
				CLANG_WARN_UNREACHABLE_CODE = YES;
				CLANG_WARN__DUPLICATE_METHOD_MATCH = YES;
				COPY_PHASE_STRIP = NO;
				DEBUG_INFORMATION_FORMAT = dwarf;
				ENABLE_STRICT_OBJC_MSGSEND = YES;
				ENABLE_TESTABILITY = YES;
				GCC_C_LANGUAGE_STANDARD = gnu11;
				GCC_DYNAMIC_NO_PIC = NO;
				GCC_NO_COMMON_BLOCKS = YES;
				GCC_OPTIMIZATION_LEVEL = 0;
				GCC_PREPROCESSOR_DEFINITIONS = (
					"DEBUG=1",
					"$(inherited)",
				);
				GCC_WARN_64_TO_32_BIT_CONVERSION = YES;
				GCC_WARN_ABOUT_RETURN_TYPE = YES_ERROR;
				GCC_WARN_UNDECLARED_SELECTOR = YES;
				GCC_WARN_UNINITIALIZED_AUTOS = YES_AGGRESSIVE;
				GCC_WARN_UNUSED_FUNCTION = YES;
				GCC_WARN_UNUSED_VARIABLE = YES;
				IPHONEOS_DEPLOYMENT_TARGET = 16.4;
				MTL_ENABLE_DEBUG_INFO = INCLUDE_SOURCE;
				MTL_FAST_MATH = YES;
				ONLY_ACTIVE_ARCH = YES;
				SDKROOT = iphoneos;
				SWIFT_ACTIVE_COMPILATION_CONDITIONS = DEBUG;
				SWIFT_OPTIMIZATION_LEVEL = "-Onone";
			};
			name = Debug;
		};
		B558BB6B2A1E0EFB007451EB /* Release */ = {
			isa = XCBuildConfiguration;
			buildSettings = {
				ALWAYS_SEARCH_USER_PATHS = NO;
				CLANG_ANALYZER_NONNULL = YES;
				CLANG_ANALYZER_NUMBER_OBJECT_CONVERSION = YES_AGGRESSIVE;
				CLANG_CXX_LANGUAGE_STANDARD = "gnu++20";
				CLANG_ENABLE_MODULES = YES;
				CLANG_ENABLE_OBJC_ARC = YES;
				CLANG_ENABLE_OBJC_WEAK = YES;
				CLANG_WARN_BLOCK_CAPTURE_AUTORELEASING = YES;
				CLANG_WARN_BOOL_CONVERSION = YES;
				CLANG_WARN_COMMA = YES;
				CLANG_WARN_CONSTANT_CONVERSION = YES;
				CLANG_WARN_DEPRECATED_OBJC_IMPLEMENTATIONS = YES;
				CLANG_WARN_DIRECT_OBJC_ISA_USAGE = YES_ERROR;
				CLANG_WARN_DOCUMENTATION_COMMENTS = YES;
				CLANG_WARN_EMPTY_BODY = YES;
				CLANG_WARN_ENUM_CONVERSION = YES;
				CLANG_WARN_INFINITE_RECURSION = YES;
				CLANG_WARN_INT_CONVERSION = YES;
				CLANG_WARN_NON_LITERAL_NULL_CONVERSION = YES;
				CLANG_WARN_OBJC_IMPLICIT_RETAIN_SELF = YES;
				CLANG_WARN_OBJC_LITERAL_CONVERSION = YES;
				CLANG_WARN_OBJC_ROOT_CLASS = YES_ERROR;
				CLANG_WARN_QUOTED_INCLUDE_IN_FRAMEWORK_HEADER = YES;
				CLANG_WARN_RANGE_LOOP_ANALYSIS = YES;
				CLANG_WARN_STRICT_PROTOTYPES = YES;
				CLANG_WARN_SUSPICIOUS_MOVE = YES;
				CLANG_WARN_UNGUARDED_AVAILABILITY = YES_AGGRESSIVE;
				CLANG_WARN_UNREACHABLE_CODE = YES;
				CLANG_WARN__DUPLICATE_METHOD_MATCH = YES;
				COPY_PHASE_STRIP = NO;
				DEBUG_INFORMATION_FORMAT = "dwarf-with-dsym";
				ENABLE_NS_ASSERTIONS = NO;
				ENABLE_STRICT_OBJC_MSGSEND = YES;
				GCC_C_LANGUAGE_STANDARD = gnu11;
				GCC_NO_COMMON_BLOCKS = YES;
				GCC_WARN_64_TO_32_BIT_CONVERSION = YES;
				GCC_WARN_ABOUT_RETURN_TYPE = YES_ERROR;
				GCC_WARN_UNDECLARED_SELECTOR = YES;
				GCC_WARN_UNINITIALIZED_AUTOS = YES_AGGRESSIVE;
				GCC_WARN_UNUSED_FUNCTION = YES;
				GCC_WARN_UNUSED_VARIABLE = YES;
				IPHONEOS_DEPLOYMENT_TARGET = 16.4;
				MTL_ENABLE_DEBUG_INFO = NO;
				MTL_FAST_MATH = YES;
				SDKROOT = iphoneos;
				SWIFT_COMPILATION_MODE = wholemodule;
				SWIFT_OPTIMIZATION_LEVEL = "-O";
				VALIDATE_PRODUCT = YES;
			};
			name = Release;
		};
		B558BB6D2A1E0EFB007451EB /* Debug */ = {
			isa = XCBuildConfiguration;
			buildSettings = {
				ASSETCATALOG_COMPILER_APPICON_NAME = AppIcon;
				ASSETCATALOG_COMPILER_GLOBAL_ACCENT_COLOR_NAME = AccentColor;
				CODE_SIGN_STYLE = Automatic;
				CURRENT_PROJECT_VERSION = 1;
				DEVELOPMENT_TEAM = 37FQQ4WXUX;
				GENERATE_INFOPLIST_FILE = YES;
				INFOPLIST_FILE = macroscopVideo/Resource/Info.plist;
				INFOPLIST_KEY_UIApplicationSupportsIndirectInputEvents = YES;
				INFOPLIST_KEY_UILaunchStoryboardName = LaunchScreen;
				INFOPLIST_KEY_UIMainStoryboardFile = "";
				INFOPLIST_KEY_UISupportedInterfaceOrientations_iPad = "UIInterfaceOrientationPortrait UIInterfaceOrientationPortraitUpsideDown UIInterfaceOrientationLandscapeLeft UIInterfaceOrientationLandscapeRight";
				INFOPLIST_KEY_UISupportedInterfaceOrientations_iPhone = "UIInterfaceOrientationPortrait UIInterfaceOrientationLandscapeLeft UIInterfaceOrientationLandscapeRight";
				LD_RUNPATH_SEARCH_PATHS = (
					"$(inherited)",
					"@executable_path/Frameworks",
				);
				MARKETING_VERSION = 1.0;
				PRODUCT_BUNDLE_IDENTIFIER = video.macroscop.poprotskii.test.task.macroscopVideo;
				PRODUCT_NAME = "$(TARGET_NAME)";
				SWIFT_EMIT_LOC_STRINGS = YES;
				SWIFT_VERSION = 5.0;
				TARGETED_DEVICE_FAMILY = "1,2";
			};
			name = Debug;
		};
		B558BB6E2A1E0EFB007451EB /* Release */ = {
			isa = XCBuildConfiguration;
			buildSettings = {
				ASSETCATALOG_COMPILER_APPICON_NAME = AppIcon;
				ASSETCATALOG_COMPILER_GLOBAL_ACCENT_COLOR_NAME = AccentColor;
				CODE_SIGN_STYLE = Automatic;
				CURRENT_PROJECT_VERSION = 1;
				DEVELOPMENT_TEAM = 37FQQ4WXUX;
				GENERATE_INFOPLIST_FILE = YES;
				INFOPLIST_FILE = macroscopVideo/Resource/Info.plist;
				INFOPLIST_KEY_UIApplicationSupportsIndirectInputEvents = YES;
				INFOPLIST_KEY_UILaunchStoryboardName = LaunchScreen;
				INFOPLIST_KEY_UIMainStoryboardFile = "";
				INFOPLIST_KEY_UISupportedInterfaceOrientations_iPad = "UIInterfaceOrientationPortrait UIInterfaceOrientationPortraitUpsideDown UIInterfaceOrientationLandscapeLeft UIInterfaceOrientationLandscapeRight";
				INFOPLIST_KEY_UISupportedInterfaceOrientations_iPhone = "UIInterfaceOrientationPortrait UIInterfaceOrientationLandscapeLeft UIInterfaceOrientationLandscapeRight";
				LD_RUNPATH_SEARCH_PATHS = (
					"$(inherited)",
					"@executable_path/Frameworks",
				);
				MARKETING_VERSION = 1.0;
				PRODUCT_BUNDLE_IDENTIFIER = video.macroscop.poprotskii.test.task.macroscopVideo;
				PRODUCT_NAME = "$(TARGET_NAME)";
				SWIFT_EMIT_LOC_STRINGS = YES;
				SWIFT_VERSION = 5.0;
				TARGETED_DEVICE_FAMILY = "1,2";
			};
			name = Release;
		};
/* End XCBuildConfiguration section */

/* Begin XCConfigurationList section */
		B558BB532A1E0EFA007451EB /* Build configuration list for PBXProject "macroscopVideo" */ = {
			isa = XCConfigurationList;
			buildConfigurations = (
				B558BB6A2A1E0EFB007451EB /* Debug */,
				B558BB6B2A1E0EFB007451EB /* Release */,
			);
			defaultConfigurationIsVisible = 0;
			defaultConfigurationName = Release;
		};
		B558BB6C2A1E0EFB007451EB /* Build configuration list for PBXNativeTarget "macroscopVideo" */ = {
			isa = XCConfigurationList;
			buildConfigurations = (
				B558BB6D2A1E0EFB007451EB /* Debug */,
				B558BB6E2A1E0EFB007451EB /* Release */,
			);
			defaultConfigurationIsVisible = 0;
			defaultConfigurationName = Release;
		};
/* End XCConfigurationList section */

/* Begin XCRemoteSwiftPackageReference section */
		B5FDD5CA2A1E46FD00E7FBE6 /* XCRemoteSwiftPackageReference "SDWebImage" */ = {
			isa = XCRemoteSwiftPackageReference;
			repositoryURL = "https://github.com/SDWebImage/SDWebImage";
			requirement = {
				kind = upToNextMajorVersion;
				minimumVersion = 5.0.0;
			};
		};
/* End XCRemoteSwiftPackageReference section */

/* Begin XCSwiftPackageProductDependency section */
		B5FDD5CB2A1E46FD00E7FBE6 /* SDWebImage */ = {
			isa = XCSwiftPackageProductDependency;
			package = B5FDD5CA2A1E46FD00E7FBE6 /* XCRemoteSwiftPackageReference "SDWebImage" */;
			productName = SDWebImage;
		};
/* End XCSwiftPackageProductDependency section */
	};
	rootObject = B558BB502A1E0EFA007451EB /* Project object */;
}
